// !$*UTF8*$!
{
	archiveVersion = 1;
	classes = {
	};
	objectVersion = 56;
	objects = {

/* Begin PBXBuildFile section */
		3337218A297F551E0017DC64 /* NotesViewController.swift in Sources */ = {isa = PBXBuildFile; fileRef = 33372189297F551E0017DC64 /* NotesViewController.swift */; };
		3337218C297F5C200017DC64 /* NotesTableViewCell.swift in Sources */ = {isa = PBXBuildFile; fileRef = 3337218B297F5C200017DC64 /* NotesTableViewCell.swift */; };
		55086092298391FD00F5F4EB /* Attachment.swift in Sources */ = {isa = PBXBuildFile; fileRef = 55086091298391FD00F5F4EB /* Attachment.swift */; };
		550860942983955000F5F4EB /* Attachments.swift in Sources */ = {isa = PBXBuildFile; fileRef = 550860932983955000F5F4EB /* Attachments.swift */; };
		550860962983975600F5F4EB /* AttachmentTransformer.swift in Sources */ = {isa = PBXBuildFile; fileRef = 550860952983975600F5F4EB /* AttachmentTransformer.swift */; };
		5508609829839B3D00F5F4EB /* ImagePicker.swift in Sources */ = {isa = PBXBuildFile; fileRef = 5508609729839B3D00F5F4EB /* ImagePicker.swift */; };
		5508609A29839B6A00F5F4EB /* FileHandling.swift in Sources */ = {isa = PBXBuildFile; fileRef = 5508609929839B6A00F5F4EB /* FileHandling.swift */; };
		5508609C29839D9700F5F4EB /* AttachmentImage.swift in Sources */ = {isa = PBXBuildFile; fileRef = 5508609B29839D9700F5F4EB /* AttachmentImage.swift */; };
		5508609E29842BBF00F5F4EB /* ImageInteraction.swift in Sources */ = {isa = PBXBuildFile; fileRef = 5508609D29842BBF00F5F4EB /* ImageInteraction.swift */; };
		550860A42984370100F5F4EB /* RecordViewController.swift in Sources */ = {isa = PBXBuildFile; fileRef = 550860A32984370100F5F4EB /* RecordViewController.swift */; };
		550860A62984404100F5F4EB /* Extensions.swift in Sources */ = {isa = PBXBuildFile; fileRef = 550860A52984404100F5F4EB /* Extensions.swift */; };
		550860A8298440D400F5F4EB /* AudioPlayer.swift in Sources */ = {isa = PBXBuildFile; fileRef = 550860A7298440D400F5F4EB /* AudioPlayer.swift */; };
		550860AA2984521900F5F4EB /* AudioPicker.swift in Sources */ = {isa = PBXBuildFile; fileRef = 550860A92984521900F5F4EB /* AudioPicker.swift */; };
		555D9FAE29835E7800E3DDC7 /* SubviewAttachingTextView.swift in Sources */ = {isa = PBXBuildFile; fileRef = 555D9FAD29835E7800E3DDC7 /* SubviewAttachingTextView.swift */; };
		555D9FB229835E8200E3DDC7 /* SubviewAttachingTextViewBehavior.swift in Sources */ = {isa = PBXBuildFile; fileRef = 555D9FAF29835E8200E3DDC7 /* SubviewAttachingTextViewBehavior.swift */; };
		555D9FB329835E8200E3DDC7 /* TextAttachedViewProvider.swift in Sources */ = {isa = PBXBuildFile; fileRef = 555D9FB029835E8200E3DDC7 /* TextAttachedViewProvider.swift */; };
		555D9FB429835E8200E3DDC7 /* SubviewTextAttachment.swift in Sources */ = {isa = PBXBuildFile; fileRef = 555D9FB129835E8200E3DDC7 /* SubviewTextAttachment.swift */; };
		555D9FB629835EA600E3DDC7 /* AttributedStringExtensions.swift in Sources */ = {isa = PBXBuildFile; fileRef = 555D9FB529835EA600E3DDC7 /* AttributedStringExtensions.swift */; };
		5582CD8029835D2C00B29347 /* NoteViewController.swift in Sources */ = {isa = PBXBuildFile; fileRef = 5582CD7F29835D2C00B29347 /* NoteViewController.swift */; };
		559686732977648300A59E79 /* AppDelegate.swift in Sources */ = {isa = PBXBuildFile; fileRef = 559686722977648300A59E79 /* AppDelegate.swift */; };
		559686752977648300A59E79 /* SceneDelegate.swift in Sources */ = {isa = PBXBuildFile; fileRef = 559686742977648300A59E79 /* SceneDelegate.swift */; };
		559686772977648300A59E79 /* FoldersViewController.swift in Sources */ = {isa = PBXBuildFile; fileRef = 559686762977648300A59E79 /* FoldersViewController.swift */; };
		5596867A2977648300A59E79 /* Main.storyboard in Resources */ = {isa = PBXBuildFile; fileRef = 559686782977648300A59E79 /* Main.storyboard */; };
		5596867D2977648300A59E79 /* Notes.xcdatamodeld in Sources */ = {isa = PBXBuildFile; fileRef = 5596867B2977648300A59E79 /* Notes.xcdatamodeld */; };
		5596867F2977648400A59E79 /* Assets.xcassets in Resources */ = {isa = PBXBuildFile; fileRef = 5596867E2977648400A59E79 /* Assets.xcassets */; };
		559686822977648400A59E79 /* LaunchScreen.storyboard in Resources */ = {isa = PBXBuildFile; fileRef = 559686802977648400A59E79 /* LaunchScreen.storyboard */; };
		55DA201F297F547E00B1F0B0 /* .gitignore in Resources */ = {isa = PBXBuildFile; fileRef = 55DA201E297F547E00B1F0B0 /* .gitignore */; };
		55FDE993297F4B2700229AC1 /* Database.swift in Sources */ = {isa = PBXBuildFile; fileRef = 55FDE992297F4B2700229AC1 /* Database.swift */; };
		8F750AF5297F42780051E95C /* NotesInfoViewController.swift in Sources */ = {isa = PBXBuildFile; fileRef = 8F750AF4297F42780051E95C /* NotesInfoViewController.swift */; };
/* End PBXBuildFile section */

/* Begin PBXFileReference section */
		33372189297F551E0017DC64 /* NotesViewController.swift */ = {isa = PBXFileReference; lastKnownFileType = sourcecode.swift; path = NotesViewController.swift; sourceTree = "<group>"; };
		3337218B297F5C200017DC64 /* NotesTableViewCell.swift */ = {isa = PBXFileReference; lastKnownFileType = sourcecode.swift; path = NotesTableViewCell.swift; sourceTree = "<group>"; };
		55086091298391FD00F5F4EB /* Attachment.swift */ = {isa = PBXFileReference; lastKnownFileType = sourcecode.swift; path = Attachment.swift; sourceTree = "<group>"; };
		550860932983955000F5F4EB /* Attachments.swift */ = {isa = PBXFileReference; lastKnownFileType = sourcecode.swift; path = Attachments.swift; sourceTree = "<group>"; };
		550860952983975600F5F4EB /* AttachmentTransformer.swift */ = {isa = PBXFileReference; lastKnownFileType = sourcecode.swift; path = AttachmentTransformer.swift; sourceTree = "<group>"; };
		5508609729839B3D00F5F4EB /* ImagePicker.swift */ = {isa = PBXFileReference; fileEncoding = 4; lastKnownFileType = sourcecode.swift; path = ImagePicker.swift; sourceTree = "<group>"; };
		5508609929839B6A00F5F4EB /* FileHandling.swift */ = {isa = PBXFileReference; lastKnownFileType = sourcecode.swift; path = FileHandling.swift; sourceTree = "<group>"; };
		5508609B29839D9700F5F4EB /* AttachmentImage.swift */ = {isa = PBXFileReference; lastKnownFileType = sourcecode.swift; path = AttachmentImage.swift; sourceTree = "<group>"; };
		5508609D29842BBF00F5F4EB /* ImageInteraction.swift */ = {isa = PBXFileReference; lastKnownFileType = sourcecode.swift; path = ImageInteraction.swift; sourceTree = "<group>"; };
		550860A32984370100F5F4EB /* RecordViewController.swift */ = {isa = PBXFileReference; lastKnownFileType = sourcecode.swift; path = RecordViewController.swift; sourceTree = "<group>"; };
		550860A52984404100F5F4EB /* Extensions.swift */ = {isa = PBXFileReference; lastKnownFileType = sourcecode.swift; path = Extensions.swift; sourceTree = "<group>"; };
		550860A7298440D400F5F4EB /* AudioPlayer.swift */ = {isa = PBXFileReference; lastKnownFileType = sourcecode.swift; path = AudioPlayer.swift; sourceTree = "<group>"; };
		550860A92984521900F5F4EB /* AudioPicker.swift */ = {isa = PBXFileReference; lastKnownFileType = sourcecode.swift; path = AudioPicker.swift; sourceTree = "<group>"; };
		555D9FAD29835E7800E3DDC7 /* SubviewAttachingTextView.swift */ = {isa = PBXFileReference; fileEncoding = 4; lastKnownFileType = sourcecode.swift; path = SubviewAttachingTextView.swift; sourceTree = "<group>"; };
		555D9FAF29835E8200E3DDC7 /* SubviewAttachingTextViewBehavior.swift */ = {isa = PBXFileReference; fileEncoding = 4; lastKnownFileType = sourcecode.swift; path = SubviewAttachingTextViewBehavior.swift; sourceTree = "<group>"; };
		555D9FB029835E8200E3DDC7 /* TextAttachedViewProvider.swift */ = {isa = PBXFileReference; fileEncoding = 4; lastKnownFileType = sourcecode.swift; path = TextAttachedViewProvider.swift; sourceTree = "<group>"; };
		555D9FB129835E8200E3DDC7 /* SubviewTextAttachment.swift */ = {isa = PBXFileReference; fileEncoding = 4; lastKnownFileType = sourcecode.swift; path = SubviewTextAttachment.swift; sourceTree = "<group>"; };
		555D9FB529835EA600E3DDC7 /* AttributedStringExtensions.swift */ = {isa = PBXFileReference; fileEncoding = 4; lastKnownFileType = sourcecode.swift; path = AttributedStringExtensions.swift; sourceTree = "<group>"; };
		5582CD7F29835D2C00B29347 /* NoteViewController.swift */ = {isa = PBXFileReference; lastKnownFileType = sourcecode.swift; path = NoteViewController.swift; sourceTree = "<group>"; };
		5596866F2977648300A59E79 /* Notes.app */ = {isa = PBXFileReference; explicitFileType = wrapper.application; includeInIndex = 0; path = Notes.app; sourceTree = BUILT_PRODUCTS_DIR; };
		559686722977648300A59E79 /* AppDelegate.swift */ = {isa = PBXFileReference; lastKnownFileType = sourcecode.swift; path = AppDelegate.swift; sourceTree = "<group>"; };
		559686742977648300A59E79 /* SceneDelegate.swift */ = {isa = PBXFileReference; lastKnownFileType = sourcecode.swift; path = SceneDelegate.swift; sourceTree = "<group>"; };
		559686762977648300A59E79 /* FoldersViewController.swift */ = {isa = PBXFileReference; lastKnownFileType = sourcecode.swift; path = FoldersViewController.swift; sourceTree = "<group>"; };
		559686792977648300A59E79 /* Base */ = {isa = PBXFileReference; lastKnownFileType = file.storyboard; name = Base; path = Base.lproj/Main.storyboard; sourceTree = "<group>"; };
		5596867C2977648300A59E79 /* Notes.xcdatamodel */ = {isa = PBXFileReference; lastKnownFileType = wrapper.xcdatamodel; path = Notes.xcdatamodel; sourceTree = "<group>"; };
		5596867E2977648400A59E79 /* Assets.xcassets */ = {isa = PBXFileReference; lastKnownFileType = folder.assetcatalog; path = Assets.xcassets; sourceTree = "<group>"; };
		559686812977648400A59E79 /* Base */ = {isa = PBXFileReference; lastKnownFileType = file.storyboard; name = Base; path = Base.lproj/LaunchScreen.storyboard; sourceTree = "<group>"; };
		559686832977648400A59E79 /* Info.plist */ = {isa = PBXFileReference; lastKnownFileType = text.plist.xml; path = Info.plist; sourceTree = "<group>"; };
		55DA201E297F547E00B1F0B0 /* .gitignore */ = {isa = PBXFileReference; lastKnownFileType = text; path = .gitignore; sourceTree = "<group>"; };
		55FDE992297F4B2700229AC1 /* Database.swift */ = {isa = PBXFileReference; lastKnownFileType = sourcecode.swift; path = Database.swift; sourceTree = "<group>"; };
		8F750AF4297F42780051E95C /* NotesInfoViewController.swift */ = {isa = PBXFileReference; lastKnownFileType = sourcecode.swift; path = NotesInfoViewController.swift; sourceTree = "<group>"; };
/* End PBXFileReference section */

/* Begin PBXFrameworksBuildPhase section */
		5596866C2977648300A59E79 /* Frameworks */ = {
			isa = PBXFrameworksBuildPhase;
			buildActionMask = 2147483647;
			files = (
			);
			runOnlyForDeploymentPostprocessing = 0;
		};
/* End PBXFrameworksBuildPhase section */

/* Begin PBXGroup section */
		555D9FAC29835E5B00E3DDC7 /* SubviewAttachingTextView */ = {
			isa = PBXGroup;
			children = (
				555D9FAD29835E7800E3DDC7 /* SubviewAttachingTextView.swift */,
				555D9FAF29835E8200E3DDC7 /* SubviewAttachingTextViewBehavior.swift */,
				555D9FB129835E8200E3DDC7 /* SubviewTextAttachment.swift */,
				555D9FB029835E8200E3DDC7 /* TextAttachedViewProvider.swift */,
				555D9FB529835EA600E3DDC7 /* AttributedStringExtensions.swift */,
			);
			path = SubviewAttachingTextView;
			sourceTree = "<group>";
		};
		5582CD7C29835CD900B29347 /* View */ = {
			isa = PBXGroup;
			children = (
				3337218B297F5C200017DC64 /* NotesTableViewCell.swift */,
				559686782977648300A59E79 /* Main.storyboard */,
				559686802977648400A59E79 /* LaunchScreen.storyboard */,
				5508609B29839D9700F5F4EB /* AttachmentImage.swift */,
				550860A52984404100F5F4EB /* Extensions.swift */,
				550860A7298440D400F5F4EB /* AudioPlayer.swift */,
			);
			path = View;
			sourceTree = "<group>";
		};
		5582CD7D29835CF100B29347 /* Controller */ = {
			isa = PBXGroup;
			children = (
				5508609729839B3D00F5F4EB /* ImagePicker.swift */,
				550860A92984521900F5F4EB /* AudioPicker.swift */,
				33372189297F551E0017DC64 /* NotesViewController.swift */,
				8F750AF4297F42780051E95C /* NotesInfoViewController.swift */,
				559686762977648300A59E79 /* FoldersViewController.swift */,
				5582CD7F29835D2C00B29347 /* NoteViewController.swift */,
				5508609D29842BBF00F5F4EB /* ImageInteraction.swift */,
				550860A32984370100F5F4EB /* RecordViewController.swift */,
			);
			path = Controller;
			sourceTree = "<group>";
		};
		5582CD7E29835D1200B29347 /* Data */ = {
			isa = PBXGroup;
			children = (
				5596867B2977648300A59E79 /* Notes.xcdatamodeld */,
				5596867E2977648400A59E79 /* Assets.xcassets */,
			);
			path = Data;
			sourceTree = "<group>";
		};
		559686662977648300A59E79 = {
			isa = PBXGroup;
			children = (
				55DA201E297F547E00B1F0B0 /* .gitignore */,
				559686712977648300A59E79 /* Notes */,
				559686702977648300A59E79 /* Products */,
			);
			sourceTree = "<group>";
		};
		559686702977648300A59E79 /* Products */ = {
			isa = PBXGroup;
			children = (
				5596866F2977648300A59E79 /* Notes.app */,
			);
			name = Products;
			sourceTree = "<group>";
		};
		559686712977648300A59E79 /* Notes */ = {
			isa = PBXGroup;
			children = (
				555D9FAC29835E5B00E3DDC7 /* SubviewAttachingTextView */,
				5582CD7E29835D1200B29347 /* Data */,
				55FDE991297F48FA00229AC1 /* Model */,
				5582CD7D29835CF100B29347 /* Controller */,
				5582CD7C29835CD900B29347 /* View */,
				559686722977648300A59E79 /* AppDelegate.swift */,
				559686742977648300A59E79 /* SceneDelegate.swift */,
				559686832977648400A59E79 /* Info.plist */,
			);
			path = Notes;
			sourceTree = "<group>";
		};
		55FDE991297F48FA00229AC1 /* Model */ = {
			isa = PBXGroup;
			children = (
				55FDE992297F4B2700229AC1 /* Database.swift */,
				55086091298391FD00F5F4EB /* Attachment.swift */,
				550860932983955000F5F4EB /* Attachments.swift */,
				550860952983975600F5F4EB /* AttachmentTransformer.swift */,
				5508609929839B6A00F5F4EB /* FileHandling.swift */,
			);
			path = Model;
			sourceTree = "<group>";
		};
/* End PBXGroup section */

/* Begin PBXNativeTarget section */
		5596866E2977648300A59E79 /* Notes */ = {
			isa = PBXNativeTarget;
			buildConfigurationList = 559686862977648400A59E79 /* Build configuration list for PBXNativeTarget "Notes" */;
			buildPhases = (
				5596866B2977648300A59E79 /* Sources */,
				5596866C2977648300A59E79 /* Frameworks */,
				5596866D2977648300A59E79 /* Resources */,
			);
			buildRules = (
			);
			dependencies = (
			);
			name = Notes;
			productName = Notes;
			productReference = 5596866F2977648300A59E79 /* Notes.app */;
			productType = "com.apple.product-type.application";
		};
/* End PBXNativeTarget section */

/* Begin PBXProject section */
		559686672977648300A59E79 /* Project object */ = {
			isa = PBXProject;
			attributes = {
				BuildIndependentTargetsInParallel = 1;
				LastSwiftUpdateCheck = 1420;
				LastUpgradeCheck = 1420;
				TargetAttributes = {
					5596866E2977648300A59E79 = {
						CreatedOnToolsVersion = 14.2;
					};
				};
			};
			buildConfigurationList = 5596866A2977648300A59E79 /* Build configuration list for PBXProject "Notes" */;
			compatibilityVersion = "Xcode 14.0";
			developmentRegion = en;
			hasScannedForEncodings = 0;
			knownRegions = (
				en,
				Base,
			);
			mainGroup = 559686662977648300A59E79;
			productRefGroup = 559686702977648300A59E79 /* Products */;
			projectDirPath = "";
			projectRoot = "";
			targets = (
				5596866E2977648300A59E79 /* Notes */,
			);
		};
/* End PBXProject section */

/* Begin PBXResourcesBuildPhase section */
		5596866D2977648300A59E79 /* Resources */ = {
			isa = PBXResourcesBuildPhase;
			buildActionMask = 2147483647;
			files = (
				55DA201F297F547E00B1F0B0 /* .gitignore in Resources */,
				559686822977648400A59E79 /* LaunchScreen.storyboard in Resources */,
				5596867F2977648400A59E79 /* Assets.xcassets in Resources */,
				5596867A2977648300A59E79 /* Main.storyboard in Resources */,
			);
			runOnlyForDeploymentPostprocessing = 0;
		};
/* End PBXResourcesBuildPhase section */

/* Begin PBXSourcesBuildPhase section */
		5596866B2977648300A59E79 /* Sources */ = {
			isa = PBXSourcesBuildPhase;
			buildActionMask = 2147483647;
			files = (
				550860A62984404100F5F4EB /* Extensions.swift in Sources */,
				559686772977648300A59E79 /* FoldersViewController.swift in Sources */,
				559686732977648300A59E79 /* AppDelegate.swift in Sources */,
				3337218A297F551E0017DC64 /* NotesViewController.swift in Sources */,
				550860AA2984521900F5F4EB /* AudioPicker.swift in Sources */,
				5508609829839B3D00F5F4EB /* ImagePicker.swift in Sources */,
				5508609C29839D9700F5F4EB /* AttachmentImage.swift in Sources */,
				550860A42984370100F5F4EB /* RecordViewController.swift in Sources */,
				555D9FB229835E8200E3DDC7 /* SubviewAttachingTextViewBehavior.swift in Sources */,
				5508609E29842BBF00F5F4EB /* ImageInteraction.swift in Sources */,
				55086092298391FD00F5F4EB /* Attachment.swift in Sources */,
				555D9FB629835EA600E3DDC7 /* AttributedStringExtensions.swift in Sources */,
				550860A8298440D400F5F4EB /* AudioPlayer.swift in Sources */,
				559686752977648300A59E79 /* SceneDelegate.swift in Sources */,
				5582CD8029835D2C00B29347 /* NoteViewController.swift in Sources */,
				550860942983955000F5F4EB /* Attachments.swift in Sources */,
				555D9FB429835E8200E3DDC7 /* SubviewTextAttachment.swift in Sources */,
				555D9FB329835E8200E3DDC7 /* TextAttachedViewProvider.swift in Sources */,
				55FDE993297F4B2700229AC1 /* Database.swift in Sources */,
				8F750AF5297F42780051E95C /* NotesInfoViewController.swift in Sources */,
				3337218C297F5C200017DC64 /* NotesTableViewCell.swift in Sources */,
				5508609A29839B6A00F5F4EB /* FileHandling.swift in Sources */,
				5596867D2977648300A59E79 /* Notes.xcdatamodeld in Sources */,
				555D9FAE29835E7800E3DDC7 /* SubviewAttachingTextView.swift in Sources */,
				550860962983975600F5F4EB /* AttachmentTransformer.swift in Sources */,
			);
			runOnlyForDeploymentPostprocessing = 0;
		};
/* End PBXSourcesBuildPhase section */

/* Begin PBXVariantGroup section */
		559686782977648300A59E79 /* Main.storyboard */ = {
			isa = PBXVariantGroup;
			children = (
				559686792977648300A59E79 /* Base */,
			);
			name = Main.storyboard;
			sourceTree = "<group>";
		};
		559686802977648400A59E79 /* LaunchScreen.storyboard */ = {
			isa = PBXVariantGroup;
			children = (
				559686812977648400A59E79 /* Base */,
			);
			name = LaunchScreen.storyboard;
			sourceTree = "<group>";
		};
/* End PBXVariantGroup section */

/* Begin XCBuildConfiguration section */
		559686842977648400A59E79 /* Debug */ = {
			isa = XCBuildConfiguration;
			buildSettings = {
				ALWAYS_SEARCH_USER_PATHS = NO;
				CLANG_ANALYZER_NONNULL = YES;
				CLANG_ANALYZER_NUMBER_OBJECT_CONVERSION = YES_AGGRESSIVE;
				CLANG_CXX_LANGUAGE_STANDARD = "gnu++20";
				CLANG_ENABLE_MODULES = YES;
				CLANG_ENABLE_OBJC_ARC = YES;
				CLANG_ENABLE_OBJC_WEAK = YES;
				CLANG_WARN_BLOCK_CAPTURE_AUTORELEASING = YES;
				CLANG_WARN_BOOL_CONVERSION = YES;
				CLANG_WARN_COMMA = YES;
				CLANG_WARN_CONSTANT_CONVERSION = YES;
				CLANG_WARN_DEPRECATED_OBJC_IMPLEMENTATIONS = YES;
				CLANG_WARN_DIRECT_OBJC_ISA_USAGE = YES_ERROR;
				CLANG_WARN_DOCUMENTATION_COMMENTS = YES;
				CLANG_WARN_EMPTY_BODY = YES;
				CLANG_WARN_ENUM_CONVERSION = YES;
				CLANG_WARN_INFINITE_RECURSION = YES;
				CLANG_WARN_INT_CONVERSION = YES;
				CLANG_WARN_NON_LITERAL_NULL_CONVERSION = YES;
				CLANG_WARN_OBJC_IMPLICIT_RETAIN_SELF = YES;
				CLANG_WARN_OBJC_LITERAL_CONVERSION = YES;
				CLANG_WARN_OBJC_ROOT_CLASS = YES_ERROR;
				CLANG_WARN_QUOTED_INCLUDE_IN_FRAMEWORK_HEADER = YES;
				CLANG_WARN_RANGE_LOOP_ANALYSIS = YES;
				CLANG_WARN_STRICT_PROTOTYPES = YES;
				CLANG_WARN_SUSPICIOUS_MOVE = YES;
				CLANG_WARN_UNGUARDED_AVAILABILITY = YES_AGGRESSIVE;
				CLANG_WARN_UNREACHABLE_CODE = YES;
				CLANG_WARN__DUPLICATE_METHOD_MATCH = YES;
				COPY_PHASE_STRIP = NO;
				DEBUG_INFORMATION_FORMAT = dwarf;
				ENABLE_STRICT_OBJC_MSGSEND = YES;
				ENABLE_TESTABILITY = YES;
				GCC_C_LANGUAGE_STANDARD = gnu11;
				GCC_DYNAMIC_NO_PIC = NO;
				GCC_NO_COMMON_BLOCKS = YES;
				GCC_OPTIMIZATION_LEVEL = 0;
				GCC_PREPROCESSOR_DEFINITIONS = (
					"DEBUG=1",
					"$(inherited)",
				);
				GCC_WARN_64_TO_32_BIT_CONVERSION = YES;
				GCC_WARN_ABOUT_RETURN_TYPE = YES_ERROR;
				GCC_WARN_UNDECLARED_SELECTOR = YES;
				GCC_WARN_UNINITIALIZED_AUTOS = YES_AGGRESSIVE;
				GCC_WARN_UNUSED_FUNCTION = YES;
				GCC_WARN_UNUSED_VARIABLE = YES;
				IPHONEOS_DEPLOYMENT_TARGET = 16.2;
				MTL_ENABLE_DEBUG_INFO = INCLUDE_SOURCE;
				MTL_FAST_MATH = YES;
				ONLY_ACTIVE_ARCH = YES;
				SDKROOT = iphoneos;
				SWIFT_ACTIVE_COMPILATION_CONDITIONS = DEBUG;
				SWIFT_OPTIMIZATION_LEVEL = "-Onone";
			};
			name = Debug;
		};
		559686852977648400A59E79 /* Release */ = {
			isa = XCBuildConfiguration;
			buildSettings = {
				ALWAYS_SEARCH_USER_PATHS = NO;
				CLANG_ANALYZER_NONNULL = YES;
				CLANG_ANALYZER_NUMBER_OBJECT_CONVERSION = YES_AGGRESSIVE;
				CLANG_CXX_LANGUAGE_STANDARD = "gnu++20";
				CLANG_ENABLE_MODULES = YES;
				CLANG_ENABLE_OBJC_ARC = YES;
				CLANG_ENABLE_OBJC_WEAK = YES;
				CLANG_WARN_BLOCK_CAPTURE_AUTORELEASING = YES;
				CLANG_WARN_BOOL_CONVERSION = YES;
				CLANG_WARN_COMMA = YES;
				CLANG_WARN_CONSTANT_CONVERSION = YES;
				CLANG_WARN_DEPRECATED_OBJC_IMPLEMENTATIONS = YES;
				CLANG_WARN_DIRECT_OBJC_ISA_USAGE = YES_ERROR;
				CLANG_WARN_DOCUMENTATION_COMMENTS = YES;
				CLANG_WARN_EMPTY_BODY = YES;
				CLANG_WARN_ENUM_CONVERSION = YES;
				CLANG_WARN_INFINITE_RECURSION = YES;
				CLANG_WARN_INT_CONVERSION = YES;
				CLANG_WARN_NON_LITERAL_NULL_CONVERSION = YES;
				CLANG_WARN_OBJC_IMPLICIT_RETAIN_SELF = YES;
				CLANG_WARN_OBJC_LITERAL_CONVERSION = YES;
				CLANG_WARN_OBJC_ROOT_CLASS = YES_ERROR;
				CLANG_WARN_QUOTED_INCLUDE_IN_FRAMEWORK_HEADER = YES;
				CLANG_WARN_RANGE_LOOP_ANALYSIS = YES;
				CLANG_WARN_STRICT_PROTOTYPES = YES;
				CLANG_WARN_SUSPICIOUS_MOVE = YES;
				CLANG_WARN_UNGUARDED_AVAILABILITY = YES_AGGRESSIVE;
				CLANG_WARN_UNREACHABLE_CODE = YES;
				CLANG_WARN__DUPLICATE_METHOD_MATCH = YES;
				COPY_PHASE_STRIP = NO;
				DEBUG_INFORMATION_FORMAT = "dwarf-with-dsym";
				ENABLE_NS_ASSERTIONS = NO;
				ENABLE_STRICT_OBJC_MSGSEND = YES;
				GCC_C_LANGUAGE_STANDARD = gnu11;
				GCC_NO_COMMON_BLOCKS = YES;
				GCC_WARN_64_TO_32_BIT_CONVERSION = YES;
				GCC_WARN_ABOUT_RETURN_TYPE = YES_ERROR;
				GCC_WARN_UNDECLARED_SELECTOR = YES;
				GCC_WARN_UNINITIALIZED_AUTOS = YES_AGGRESSIVE;
				GCC_WARN_UNUSED_FUNCTION = YES;
				GCC_WARN_UNUSED_VARIABLE = YES;
				IPHONEOS_DEPLOYMENT_TARGET = 16.2;
				MTL_ENABLE_DEBUG_INFO = NO;
				MTL_FAST_MATH = YES;
				SDKROOT = iphoneos;
				SWIFT_COMPILATION_MODE = wholemodule;
				SWIFT_OPTIMIZATION_LEVEL = "-O";
				VALIDATE_PRODUCT = YES;
			};
			name = Release;
		};
		559686872977648400A59E79 /* Debug */ = {
			isa = XCBuildConfiguration;
			buildSettings = {
				ASSETCATALOG_COMPILER_APPICON_NAME = AppIcon;
				ASSETCATALOG_COMPILER_GLOBAL_ACCENT_COLOR_NAME = AccentColor;
				CODE_SIGN_STYLE = Automatic;
				CURRENT_PROJECT_VERSION = 1;
				DEVELOPMENT_TEAM = L9Z24WLH63;
				GENERATE_INFOPLIST_FILE = YES;
				INFOPLIST_FILE = Notes/Info.plist;
				INFOPLIST_KEY_UIApplicationSupportsIndirectInputEvents = YES;
				INFOPLIST_KEY_UILaunchStoryboardName = LaunchScreen;
				INFOPLIST_KEY_UIMainStoryboardFile = Main;
				INFOPLIST_KEY_UISupportedInterfaceOrientations_iPad = "UIInterfaceOrientationPortrait UIInterfaceOrientationPortraitUpsideDown UIInterfaceOrientationLandscapeLeft UIInterfaceOrientationLandscapeRight";
				INFOPLIST_KEY_UISupportedInterfaceOrientations_iPhone = "UIInterfaceOrientationPortrait UIInterfaceOrientationLandscapeLeft UIInterfaceOrientationLandscapeRight";
				LD_RUNPATH_SEARCH_PATHS = (
					"$(inherited)",
					"@executable_path/Frameworks",
				);
				MARKETING_VERSION = 1.0;
				PRODUCT_BUNDLE_IDENTIFIER = com.darshan09200.Notes;
				PRODUCT_NAME = "$(TARGET_NAME)";
				SWIFT_EMIT_LOC_STRINGS = YES;
				SWIFT_VERSION = 5.0;
				TARGETED_DEVICE_FAMILY = "1,2";
			};
			name = Debug;
		};
		559686882977648400A59E79 /* Release */ = {
			isa = XCBuildConfiguration;
			buildSettings = {
				ASSETCATALOG_COMPILER_APPICON_NAME = AppIcon;
				ASSETCATALOG_COMPILER_GLOBAL_ACCENT_COLOR_NAME = AccentColor;
				CODE_SIGN_STYLE = Automatic;
				CURRENT_PROJECT_VERSION = 1;
				DEVELOPMENT_TEAM = L9Z24WLH63;
				GENERATE_INFOPLIST_FILE = YES;
				INFOPLIST_FILE = Notes/Info.plist;
				INFOPLIST_KEY_UIApplicationSupportsIndirectInputEvents = YES;
				INFOPLIST_KEY_UILaunchStoryboardName = LaunchScreen;
				INFOPLIST_KEY_UIMainStoryboardFile = Main;
				INFOPLIST_KEY_UISupportedInterfaceOrientations_iPad = "UIInterfaceOrientationPortrait UIInterfaceOrientationPortraitUpsideDown UIInterfaceOrientationLandscapeLeft UIInterfaceOrientationLandscapeRight";
				INFOPLIST_KEY_UISupportedInterfaceOrientations_iPhone = "UIInterfaceOrientationPortrait UIInterfaceOrientationLandscapeLeft UIInterfaceOrientationLandscapeRight";
				LD_RUNPATH_SEARCH_PATHS = (
					"$(inherited)",
					"@executable_path/Frameworks",
				);
				MARKETING_VERSION = 1.0;
				PRODUCT_BUNDLE_IDENTIFIER = com.darshan09200.Notes;
				PRODUCT_NAME = "$(TARGET_NAME)";
				SWIFT_EMIT_LOC_STRINGS = YES;
				SWIFT_VERSION = 5.0;
				TARGETED_DEVICE_FAMILY = "1,2";
			};
			name = Release;
		};
/* End XCBuildConfiguration section */

/* Begin XCConfigurationList section */
		5596866A2977648300A59E79 /* Build configuration list for PBXProject "Notes" */ = {
			isa = XCConfigurationList;
			buildConfigurations = (
				559686842977648400A59E79 /* Debug */,
				559686852977648400A59E79 /* Release */,
			);
			defaultConfigurationIsVisible = 0;
			defaultConfigurationName = Release;
		};
		559686862977648400A59E79 /* Build configuration list for PBXNativeTarget "Notes" */ = {
			isa = XCConfigurationList;
			buildConfigurations = (
				559686872977648400A59E79 /* Debug */,
				559686882977648400A59E79 /* Release */,
			);
			defaultConfigurationIsVisible = 0;
			defaultConfigurationName = Release;
		};
/* End XCConfigurationList section */

/* Begin XCVersionGroup section */
		5596867B2977648300A59E79 /* Notes.xcdatamodeld */ = {
			isa = XCVersionGroup;
			children = (
				5596867C2977648300A59E79 /* Notes.xcdatamodel */,
			);
			currentVersion = 5596867C2977648300A59E79 /* Notes.xcdatamodel */;
			path = Notes.xcdatamodeld;
			sourceTree = "<group>";
			versionGroupType = wrapper.xcdatamodel;
		};
/* End XCVersionGroup section */
	};
	rootObject = 559686672977648300A59E79 /* Project object */;
}
